
Microsoft Visual Studio Solution File, Format Version 12.00
# Visual Studio Version 17
VisualStudioVersion = 17.14.36518.9 d17.14
MinimumVisualStudioVersion = 10.0.40219.1
Project("{B7DD6F7E-DEF8-4E67-B5B7-07EF123DB6F0}") = "WiXDeferredModeSample", "WiXDeferredModeSample\WiXDeferredModeSample.wixproj", "{353199B0-646F-43DE-9F0C-5B5F56200F47}"
EndProject
Project("{FAE04EC0-301F-11D3-BF4B-00C04F79EFBC}") = "CustomActionSample2", "CustomAction1\CustomActionSample2.csproj", "{0AEAB8A2-8C9B-4545-B688-84C000D8F5E1}"
EndProject
Global
	GlobalSection(SolutionConfigurationPlatforms) = preSolution
		Debug|x86 = Debug|x86
		Release|x86 = Release|x86
	EndGlobalSection
	GlobalSection(ProjectConfigurationPlatforms) = postSolution
		{353199B0-646F-43DE-9F0C-5B5F56200F47}.Debug|x86.ActiveCfg = Debug|x86
		{353199B0-646F-43DE-9F0C-5B5F56200F47}.Debug|x86.Build.0 = Debug|x86
		{353199B0-646F-43DE-9F0C-5B5F56200F47}.Release|x86.ActiveCfg = Release|x86
		{353199B0-646F-43DE-9F0C-5B5F56200F47}.Release|x86.Build.0 = Release|x86
		{0AEAB8A2-8C9B-4545-B688-84C000D8F5E1}.Debug|x86.ActiveCfg = Debug|Any CPU
		{0AEAB8A2-8C9B-4545-B688-84C000D8F5E1}.Debug|x86.Build.0 = Debug|Any CPU
		{0AEAB8A2-8C9B-4545-B688-84C000D8F5E1}.Release|x86.ActiveCfg = Release|Any CPU
		{0AEAB8A2-8C9B-4545-B688-84C000D8F5E1}.Release|x86.Build.0 = Release|Any CPU
	EndGlobalSection
	GlobalSection(SolutionProperties) = preSolution
		HideSolutionNode = FALSE
	EndGlobalSection
	GlobalSection(ExtensibilityGlobals) = postSolution
		SolutionGuid = {E67A1952-F1EE-47D5-B19A-1613F3168EAA}
	EndGlobalSection
EndGlobal
